
Microsoft Visual Studio Solution File, Format Version 12.00
# Visual Studio Version 17
VisualStudioVersion = 17.8.34525.116
MinimumVisualStudioVersion = 10.0.40219.1
Project("{FAE04EC0-301F-11D3-BF4B-00C04F79EFBC}") = "ModernWebArchitecture", "ModernWebArchitecture.csproj", "{CC21403A-140A-4A9F-AB38-A087712FE62F}"
EndProject
Global
	GlobalSection(SolutionConfigurationPlatforms) = preSolution
		Debug|Any CPU = Debug|Any CPU
		Release|Any CPU = Release|Any CPU
	EndGlobalSection
	GlobalSection(ProjectConfigurationPlatforms) = postSolution
		{CC21403A-140A-4A9F-AB38-A087712FE62F}.Debug|Any CPU.ActiveCfg = Debug|Any CPU
		{CC21403A-140A-4A9F-AB38-A087712FE62F}.Debug|Any CPU.Build.0 = Debug|Any CPU
		{CC21403A-140A-4A9F-AB38-A087712FE62F}.Release|Any CPU.ActiveCfg = Release|Any CPU
		{CC21403A-140A-4A9F-AB38-A087712FE62F}.Release|Any CPU.Build.0 = Release|Any CPU
	EndGlobalSection
	GlobalSection(SolutionProperties) = preSolution
		HideSolutionNode = FALSE
	EndGlobalSection
	GlobalSection(ExtensibilityGlobals) = postSolution
		SolutionGuid = {FAD04A7C-3FBA-4E0B-8E27-AAA7D6936985}
	EndGlobalSection
EndGlobal
